
Microsoft Visual Studio Solution File, Format Version 12.00
# Visual Studio 15
VisualStudioVersion = 15.0.28010.2050
MinimumVisualStudioVersion = 10.0.40219.1
Project("{FAE04EC0-301F-11D3-BF4B-00C04F79EFBC}") = "WiredBrainCoffee.CustomersApp", "WiredBrainCoffee.CustomersApp\WiredBrainCoffee.CustomersApp.csproj", "{FD7B1696-A1C7-4A59-B777-6B145843D169}"
EndProject
Global
	GlobalSection(SolutionConfigurationPlatforms) = preSolution
		Debug|ARM = Debug|ARM
		Debug|x64 = Debug|x64
		Debug|x86 = Debug|x86
		Release|ARM = Release|ARM
		Release|x64 = Release|x64
		Release|x86 = Release|x86
	EndGlobalSection
	GlobalSection(ProjectConfigurationPlatforms) = postSolution
		{FD7B1696-A1C7-4A59-B777-6B145843D169}.Debug|ARM.ActiveCfg = Debug|ARM
		{FD7B1696-A1C7-4A59-B777-6B145843D169}.Debug|ARM.Build.0 = Debug|ARM
		{FD7B1696-A1C7-4A59-B777-6B145843D169}.Debug|ARM.Deploy.0 = Debug|ARM
		{FD7B1696-A1C7-4A59-B777-6B145843D169}.Debug|x64.ActiveCfg = Debug|x64
		{FD7B1696-A1C7-4A59-B777-6B145843D169}.Debug|x64.Build.0 = Debug|x64
		{FD7B1696-A1C7-4A59-B777-6B145843D169}.Debug|x64.Deploy.0 = Debug|x64
		{FD7B1696-A1C7-4A59-B777-6B145843D169}.Debug|x86.ActiveCfg = Debug|x86
		{FD7B1696-A1C7-4A59-B777-6B145843D169}.Debug|x86.Build.0 = Debug|x86
		{FD7B1696-A1C7-4A59-B777-6B145843D169}.Debug|x86.Deploy.0 = Debug|x86
		{FD7B1696-A1C7-4A59-B777-6B145843D169}.Release|ARM.ActiveCfg = Release|ARM
		{FD7B1696-A1C7-4A59-B777-6B145843D169}.Release|ARM.Build.0 = Release|ARM
		{FD7B1696-A1C7-4A59-B777-6B145843D169}.Release|ARM.Deploy.0 = Release|ARM
		{FD7B1696-A1C7-4A59-B777-6B145843D169}.Release|x64.ActiveCfg = Release|x64
		{FD7B1696-A1C7-4A59-B777-6B145843D169}.Release|x64.Build.0 = Release|x64
		{FD7B1696-A1C7-4A59-B777-6B145843D169}.Release|x64.Deploy.0 = Release|x64
		{FD7B1696-A1C7-4A59-B777-6B145843D169}.Release|x86.ActiveCfg = Release|x86
		{FD7B1696-A1C7-4A59-B777-6B145843D169}.Release|x86.Build.0 = Release|x86
		{FD7B1696-A1C7-4A59-B777-6B145843D169}.Release|x86.Deploy.0 = Release|x86
	EndGlobalSection
	GlobalSection(SolutionProperties) = preSolution
		HideSolutionNode = FALSE
	EndGlobalSection
	GlobalSection(ExtensibilityGlobals) = postSolution
		SolutionGuid = {2FD17847-D82C-4247-93BC-EAEE8E8D5C86}
	EndGlobalSection
EndGlobal
